
Microsoft Visual Studio Solution File, Format Version 11.00
# Visual Studio 2010
Project("{FAE04EC0-301F-11D3-BF4B-00C04F79EFBC}") = "Assembly-CSharp", "Assembly-CSharp.csproj", "{0E374885-3EB4-C024-27E9-E76F4F74476B}"
EndProject
Project("{FAE04EC0-301F-11D3-BF4B-00C04F79EFBC}") = "Assembly-CSharp-Editor", "Assembly-CSharp-Editor.csproj", "{7F07D664-6D1E-7BEB-2C99-0BBEDCC8D074}"
EndProject
Global
	GlobalSection(SolutionConfigurationPlatforms) = preSolution
		Debug|Any CPU = Debug|Any CPU
		Release|Any CPU = Release|Any CPU
	EndGlobalSection
	GlobalSection(ProjectConfigurationPlatforms) = postSolution
		{0E374885-3EB4-C024-27E9-E76F4F74476B}.Debug|Any CPU.ActiveCfg = Debug|Any CPU
		{0E374885-3EB4-C024-27E9-E76F4F74476B}.Debug|Any CPU.Build.0 = Debug|Any CPU
		{0E374885-3EB4-C024-27E9-E76F4F74476B}.Release|Any CPU.ActiveCfg = Release|Any CPU
		{0E374885-3EB4-C024-27E9-E76F4F74476B}.Release|Any CPU.Build.0 = Release|Any CPU
		{7F07D664-6D1E-7BEB-2C99-0BBEDCC8D074}.Debug|Any CPU.ActiveCfg = Debug|Any CPU
		{7F07D664-6D1E-7BEB-2C99-0BBEDCC8D074}.Debug|Any CPU.Build.0 = Debug|Any CPU
		{7F07D664-6D1E-7BEB-2C99-0BBEDCC8D074}.Release|Any CPU.ActiveCfg = Release|Any CPU
		{7F07D664-6D1E-7BEB-2C99-0BBEDCC8D074}.Release|Any CPU.Build.0 = Release|Any CPU
	EndGlobalSection
	GlobalSection(SolutionProperties) = preSolution
		HideSolutionNode = FALSE
	EndGlobalSection
EndGlobal
